
Microsoft Visual Studio Solution File, Format Version 12.00
# Visual Studio Version 17
VisualStudioVersion = 17.14.36301.6
MinimumVisualStudioVersion = 10.0.40219.1
Project("{FAE04EC0-301F-11D3-BF4B-00C04F79EFBC}") = "LibNF65", "LibNF65.csproj", "{B1234567-89AB-4CDE-F012-3456789ABCDE}"
EndProject
Global
	GlobalSection(SolutionConfigurationPlatforms) = preSolution
		Debug|Any CPU = Debug|Any CPU
	EndGlobalSection
	GlobalSection(ProjectConfigurationPlatforms) = postSolution
		{B1234567-89AB-4CDE-F012-3456789ABCDE}.Debug|Any CPU.ActiveCfg = Debug|Any CPU
		{B1234567-89AB-4CDE-F012-3456789ABCDE}.Debug|Any CPU.Build.0 = Debug|Any CPU
	EndGlobalSection
	GlobalSection(SolutionProperties) = preSolution
		HideSolutionNode = FALSE
	EndGlobalSection
	GlobalSection(ExtensibilityGlobals) = postSolution
		SolutionGuid = {0770F0BE-642D-4DE2-8486-FF273EE11F9D}
	EndGlobalSection
EndGlobal
