
Microsoft Visual Studio Solution File, Format Version 12.00
# Visual Studio Version 17
VisualStudioVersion = 17.14.36212.18
MinimumVisualStudioVersion = 10.0.40219.1
Project("{FAE04EC0-301F-11D3-BF4B-00C04F79EFBC}") = "AssinadorCertificado", "AssinadorCertificado\AssinadorCertificado.csproj", "{7B1ED004-F190-4ECA-877A-3B282DFD74A3}"
EndProject
Project("{FAE04EC0-301F-11D3-BF4B-00C04F79EFBC}") = "LibNF65", "LibNF65\LibNF65.csproj", "{B1234567-89AB-4CDE-F012-3456789ABCDE}"
EndProject
Project("{FAE04EC0-301F-11D3-BF4B-00C04F79EFBC}") = "NasLibackup", "..\NasLibackup\NasLibackup.csproj", "{408F1CDF-EBBF-4A05-86DE-AD4A92B8BF20}"
EndProject
Project("{FAE04EC0-301F-11D3-BF4B-00C04F79EFBC}") = "ncModelos", "ncModelos\ncModelos.csproj", "{4F04E009-DD00-D736-BDA5-8F1FA1E9E3FD}"
EndProject
Project("{FAE04EC0-301F-11D3-BF4B-00C04F79EFBC}") = "ncNefd", "nNefd\ncNefd.csproj", "{F1CEC64A-B90D-4956-B5F7-F85E29413329}"
EndProject
Project("{FAE04EC0-301F-11D3-BF4B-00C04F79EFBC}") = "ncNComum", "ncNComum\ncNComum.csproj", "{992264E8-A306-4FD9-AFBA-01906ADF33BA}"
EndProject
Project("{FAE04EC0-301F-11D3-BF4B-00C04F79EFBC}") = "ncRepositorios", "ncRepositorios\ncRepositorios.csproj", "{A1B2C3D4-E5F6-7890-ABCD-EF1234567890}"
EndProject
Project("{FAE04EC0-301F-11D3-BF4B-00C04F79EFBC}") = "ncServicos", "ncServicos\ncServicos.csproj", "{DE51B0CD-1E1D-448B-8DB6-EE788967CAE8}"
EndProject
Project("{FAE04EC0-301F-11D3-BF4B-00C04F79EFBC}") = "APINascom", "APINascom\APINascom.csproj", "{7BA2EC0B-CBA8-4970-BBDB-2CF418DFDDC3}"
EndProject
Global
	GlobalSection(SolutionConfigurationPlatforms) = preSolution
		Debug|Any CPU = Debug|Any CPU
		Release|Any CPU = Release|Any CPU
	EndGlobalSection
	GlobalSection(ProjectConfigurationPlatforms) = postSolution
		{7B1ED004-F190-4ECA-877A-3B282DFD74A3}.Debug|Any CPU.ActiveCfg = Debug|Any CPU
		{7B1ED004-F190-4ECA-877A-3B282DFD74A3}.Debug|Any CPU.Build.0 = Debug|Any CPU
		{7B1ED004-F190-4ECA-877A-3B282DFD74A3}.Release|Any CPU.ActiveCfg = Release|Any CPU
		{7B1ED004-F190-4ECA-877A-3B282DFD74A3}.Release|Any CPU.Build.0 = Release|Any CPU
		{B1234567-89AB-4CDE-F012-3456789ABCDE}.Debug|Any CPU.ActiveCfg = Debug|Any CPU
		{B1234567-89AB-4CDE-F012-3456789ABCDE}.Debug|Any CPU.Build.0 = Debug|Any CPU
		{B1234567-89AB-4CDE-F012-3456789ABCDE}.Release|Any CPU.ActiveCfg = Debug|Any CPU
		{B1234567-89AB-4CDE-F012-3456789ABCDE}.Release|Any CPU.Build.0 = Debug|Any CPU
		{408F1CDF-EBBF-4A05-86DE-AD4A92B8BF20}.Debug|Any CPU.ActiveCfg = Debug|Any CPU
		{408F1CDF-EBBF-4A05-86DE-AD4A92B8BF20}.Debug|Any CPU.Build.0 = Debug|Any CPU
		{408F1CDF-EBBF-4A05-86DE-AD4A92B8BF20}.Release|Any CPU.ActiveCfg = Release|Any CPU
		{408F1CDF-EBBF-4A05-86DE-AD4A92B8BF20}.Release|Any CPU.Build.0 = Release|Any CPU
		{4F04E009-DD00-D736-BDA5-8F1FA1E9E3FD}.Debug|Any CPU.ActiveCfg = Debug|Any CPU
		{4F04E009-DD00-D736-BDA5-8F1FA1E9E3FD}.Debug|Any CPU.Build.0 = Debug|Any CPU
		{4F04E009-DD00-D736-BDA5-8F1FA1E9E3FD}.Release|Any CPU.ActiveCfg = Debug|Any CPU
		{4F04E009-DD00-D736-BDA5-8F1FA1E9E3FD}.Release|Any CPU.Build.0 = Debug|Any CPU
		{F1CEC64A-B90D-4956-B5F7-F85E29413329}.Debug|Any CPU.ActiveCfg = Debug|Any CPU
		{F1CEC64A-B90D-4956-B5F7-F85E29413329}.Debug|Any CPU.Build.0 = Debug|Any CPU
		{F1CEC64A-B90D-4956-B5F7-F85E29413329}.Release|Any CPU.ActiveCfg = Release|Any CPU
		{F1CEC64A-B90D-4956-B5F7-F85E29413329}.Release|Any CPU.Build.0 = Release|Any CPU
		{992264E8-A306-4FD9-AFBA-01906ADF33BA}.Debug|Any CPU.ActiveCfg = Debug|Any CPU
		{992264E8-A306-4FD9-AFBA-01906ADF33BA}.Debug|Any CPU.Build.0 = Debug|Any CPU
		{992264E8-A306-4FD9-AFBA-01906ADF33BA}.Release|Any CPU.ActiveCfg = Release|Any CPU
		{992264E8-A306-4FD9-AFBA-01906ADF33BA}.Release|Any CPU.Build.0 = Release|Any CPU
		{A1B2C3D4-E5F6-7890-ABCD-EF1234567890}.Debug|Any CPU.ActiveCfg = Debug|Any CPU
		{A1B2C3D4-E5F6-7890-ABCD-EF1234567890}.Debug|Any CPU.Build.0 = Debug|Any CPU
		{A1B2C3D4-E5F6-7890-ABCD-EF1234567890}.Release|Any CPU.ActiveCfg = Release|Any CPU
		{A1B2C3D4-E5F6-7890-ABCD-EF1234567890}.Release|Any CPU.Build.0 = Release|Any CPU
		{DE51B0CD-1E1D-448B-8DB6-EE788967CAE8}.Debug|Any CPU.ActiveCfg = Debug|Any CPU
		{DE51B0CD-1E1D-448B-8DB6-EE788967CAE8}.Debug|Any CPU.Build.0 = Debug|Any CPU
		{DE51B0CD-1E1D-448B-8DB6-EE788967CAE8}.Release|Any CPU.ActiveCfg = Release|Any CPU
		{DE51B0CD-1E1D-448B-8DB6-EE788967CAE8}.Release|Any CPU.Build.0 = Release|Any CPU
		{7BA2EC0B-CBA8-4970-BBDB-2CF418DFDDC3}.Debug|Any CPU.ActiveCfg = Debug|Any CPU
		{7BA2EC0B-CBA8-4970-BBDB-2CF418DFDDC3}.Debug|Any CPU.Build.0 = Debug|Any CPU
		{7BA2EC0B-CBA8-4970-BBDB-2CF418DFDDC3}.Release|Any CPU.ActiveCfg = Release|Any CPU
		{7BA2EC0B-CBA8-4970-BBDB-2CF418DFDDC3}.Release|Any CPU.Build.0 = Release|Any CPU
	EndGlobalSection
	GlobalSection(SolutionProperties) = preSolution
		HideSolutionNode = FALSE
	EndGlobalSection
	GlobalSection(ExtensibilityGlobals) = postSolution
		SolutionGuid = {6032FADD-5FDB-4915-8D09-5AD99AF8D08C}
	EndGlobalSection
EndGlobal
